<?xml version="1.0" encoding="utf-8"?>
<Project ToolsVersion="4.0" xmlns="http://schemas.microsoft.com/developer/msbuild/2003">
  <ItemGroup>
    <ClCompile Include="main.cpp" />
    <ClCompile Include="models\thresholder.cpp">
      <Filter>models</Filter>
    </ClCompile>
    <ClCompile Include="models\linear_regression.cpp">
      <Filter>models</Filter>
    </ClCompile>
    <ClCompile Include="models\logistic_regression.cpp">
      <Filter>models</Filter>
    </ClCompile>
    <ClCompile Include="core\geometry.cpp">
      <Filter>core</Filter>
    </ClCompile>
    <ClCompile Include="dataset\samples.cpp">
      <Filter>dataset</Filter>
    </ClCompile>
    <ClCompile Include="models\weight_init.cpp">
      <Filter>models</Filter>
    </ClCompile>
  </ItemGroup>
  <ItemGroup>
    <Filter Include="models">
      <UniqueIdentifier>{a9d6b36e-57fa-4880-aae4-783ffc28877a}</UniqueIdentifier>
    </Filter>
    <Filter Include="core">
      <UniqueIdentifier>{105bc332-714a-4b0d-9ecd-5bb9010ef66d}</UniqueIdentifier>
    </Filter>
    <Filter Include="tests">
      <UniqueIdentifier>{a05c16dc-88dc-4838-a637-32cee8f083e2}</UniqueIdentifier>
    </Filter>
    <Filter Include="visualization">
      <UniqueIdentifier>{9202f649-0fa4-4d5b-8c18-ce10f92af791}</UniqueIdentifier>
    </Filter>
    <Filter Include="dataset">
      <UniqueIdentifier>{0610aece-e2fe-4e68-afbb-1b678fc2b7d4}</UniqueIdentifier>
    </Filter>
    <Filter Include="stat">
      <UniqueIdentifier>{0f474175-b71f-48c6-905e-06652061ca35}</UniqueIdentifier>
    </Filter>
    <Filter Include="preprocessing">
      <UniqueIdentifier>{053fdd36-5004-44f0-8096-6afc835f77d5}</UniqueIdentifier>
    </Filter>
  </ItemGroup>
  <ItemGroup>
    <ClInclude Include="models\linear_regression.h">
      <Filter>models</Filter>
    </ClInclude>
    <ClInclude Include="core\array.h">
      <Filter>core</Filter>
    </ClInclude>
    <ClInclude Include="core\matrix.h">
      <Filter>core</Filter>
    </ClInclude>
    <ClInclude Include="models\decision_tree.h">
      <Filter>models</Filter>
    </ClInclude>
    <ClInclude Include="models\thresholder.h">
      <Filter>models</Filter>
    </ClInclude>
    <ClInclude Include="models\estimator.h">
      <Filter>models</Filter>
    </ClInclude>
    <ClInclude Include="darkml.h" />
    <ClInclude Include="core\common.h">
      <Filter>core</Filter>
    </ClInclude>
    <ClInclude Include="core\geometry.h">
      <Filter>core</Filter>
    </ClInclude>
    <ClInclude Include="core\throw_assert.h">
      <Filter>core</Filter>
    </ClInclude>
    <ClInclude Include="core\random.h">
      <Filter>core</Filter>
    </ClInclude>
    <ClInclude Include="models\knn.h">
      <Filter>models</Filter>
    </ClInclude>
    <ClInclude Include="tests\test_linear_regression.h">
      <Filter>tests</Filter>
    </ClInclude>
    <ClInclude Include="tests\test_basics.h">
      <Filter>tests</Filter>
    </ClInclude>
    <ClInclude Include="models\logistic_regression.h">
      <Filter>models</Filter>
    </ClInclude>
    <ClInclude Include="tests\test_knn.h">
      <Filter>tests</Filter>
    </ClInclude>
    <ClInclude Include="core\math.h">
      <Filter>core</Filter>
    </ClInclude>
    <ClInclude Include="tests\test_logistic_regression.h">
      <Filter>tests</Filter>
    </ClInclude>
    <ClInclude Include="models\perceptron.h">
      <Filter>models</Filter>
    </ClInclude>
    <ClInclude Include="core\heap.h">
      <Filter>core</Filter>
    </ClInclude>
    <ClInclude Include="models\stochastic.h">
      <Filter>models</Filter>
    </ClInclude>
    <ClInclude Include="models\ising.h">
      <Filter>models</Filter>
    </ClInclude>
    <ClInclude Include="core\string_compare.h">
      <Filter>core</Filter>
    </ClInclude>
    <ClInclude Include="dataset\classify_dataset.h">
      <Filter>dataset</Filter>
    </ClInclude>
    <ClInclude Include="dataset\dataset.h">
      <Filter>dataset</Filter>
    </ClInclude>
    <ClInclude Include="dataset\iris.h">
      <Filter>dataset</Filter>
    </ClInclude>
    <ClInclude Include="dataset\mnist.h">
      <Filter>dataset</Filter>
    </ClInclude>
    <ClInclude Include="dataset\samples.h">
      <Filter>dataset</Filter>
    </ClInclude>
    <ClInclude Include="models\activation.h">
      <Filter>models</Filter>
    </ClInclude>
    <ClInclude Include="models\weight_init.h">
      <Filter>models</Filter>
    </ClInclude>
    <ClInclude Include="stat\stat.h">
      <Filter>stat</Filter>
    </ClInclude>
    <ClInclude Include="preprocessing\dim_reduction.h">
      <Filter>preprocessing</Filter>
    </ClInclude>
    <ClInclude Include="preprocessing\preprocessing.h">
      <Filter>preprocessing</Filter>
    </ClInclude>
    <ClInclude Include="models\distance.h">
      <Filter>models</Filter>
    </ClInclude>
  </ItemGroup>
  <ItemGroup>
    <None Include="darkml.md" />
  </ItemGroup>
</Project>